
Microsoft Visual Studio Solution File, Format Version 12.00
# Visual Studio Version 17
VisualStudioVersion = 17.11.35312.102
MinimumVisualStudioVersion = 10.0.40219.1
Project("{888888A0-9F3D-457C-B088-3A5042F75D52}") = "Py_Laba_1", "Py_Laba_1\Py_Laba_1.pyproj", "{D1F0B4B7-FFEE-4FA0-B857-9790DAC97AED}"
EndProject
Global
	GlobalSection(SolutionConfigurationPlatforms) = preSolution
		Debug|Any CPU = Debug|Any CPU
		Release|Any CPU = Release|Any CPU
	EndGlobalSection
	GlobalSection(ProjectConfigurationPlatforms) = postSolution
		{D1F0B4B7-FFEE-4FA0-B857-9790DAC97AED}.Debug|Any CPU.ActiveCfg = Debug|Any CPU
		{D1F0B4B7-FFEE-4FA0-B857-9790DAC97AED}.Release|Any CPU.ActiveCfg = Release|Any CPU
	EndGlobalSection
	GlobalSection(SolutionProperties) = preSolution
		HideSolutionNode = FALSE
	EndGlobalSection
	GlobalSection(ExtensibilityGlobals) = postSolution
		SolutionGuid = {54D8E74D-F3CA-49DF-8F1E-B227AD6267A6}
	EndGlobalSection
EndGlobal
